
Microsoft Visual Studio Solution File, Format Version 12.00
# Visual Studio Version 17
VisualStudioVersion = 17.1.32210.238
MinimumVisualStudioVersion = 10.0.40219.1
Project("{8BC9CEB8-8B4A-11D0-8D11-00A0C91BC942}") = "HelloWorld", "Fundamentals\HelloWorld\HelloWorld.vcxproj", "{2ACEA402-3822-4C28-9DFD-3F3B4F231FC1}"
EndProject
Project("{8BC9CEB8-8B4A-11D0-8D11-00A0C91BC942}") = "Algebra", "Fundamentals\Algebra\Algebra.vcxproj", "{DB6553A9-7FE9-45C9-8AB1-C11F3D2D376C}"
EndProject
Project("{8BC9CEB8-8B4A-11D0-8D11-00A0C91BC942}") = "VolumeOfSphere", "Fundamentals\VolumeOfSphere\VolumeOfSphere.vcxproj", "{F8249A57-FCC5-454C-B84B-B0B9C5EC88DA}"
EndProject
Project("{8BC9CEB8-8B4A-11D0-8D11-00A0C91BC942}") = "Marathon", "Fundamentals\Marathon\Marathon.vcxproj", "{870D7184-87A3-432E-BD82-B83A15CAC8E8}"
EndProject
Global
	GlobalSection(SolutionConfigurationPlatforms) = preSolution
		DebugClang|x64 = DebugClang|x64
		DebugClang|x86 = DebugClang|x86
		DebugMSBuild|x64 = DebugMSBuild|x64
		DebugMSBuild|x86 = DebugMSBuild|x86
		ReleaseClang|x64 = ReleaseClang|x64
		ReleaseClang|x86 = ReleaseClang|x86
		ReleaseMSBuild|x64 = ReleaseMSBuild|x64
		ReleaseMSBuild|x86 = ReleaseMSBuild|x86
	EndGlobalSection
	GlobalSection(ProjectConfigurationPlatforms) = postSolution
		{2ACEA402-3822-4C28-9DFD-3F3B4F231FC1}.DebugClang|x64.ActiveCfg = DebugClang|x64
		{2ACEA402-3822-4C28-9DFD-3F3B4F231FC1}.DebugClang|x64.Build.0 = DebugClang|x64
		{2ACEA402-3822-4C28-9DFD-3F3B4F231FC1}.DebugClang|x86.ActiveCfg = DebugClang|Win32
		{2ACEA402-3822-4C28-9DFD-3F3B4F231FC1}.DebugClang|x86.Build.0 = DebugClang|Win32
		{2ACEA402-3822-4C28-9DFD-3F3B4F231FC1}.DebugMSBuild|x64.ActiveCfg = DebugMSBuild|x64
		{2ACEA402-3822-4C28-9DFD-3F3B4F231FC1}.DebugMSBuild|x64.Build.0 = DebugMSBuild|x64
		{2ACEA402-3822-4C28-9DFD-3F3B4F231FC1}.DebugMSBuild|x86.ActiveCfg = DebugMSBuild|Win32
		{2ACEA402-3822-4C28-9DFD-3F3B4F231FC1}.DebugMSBuild|x86.Build.0 = DebugMSBuild|Win32
		{2ACEA402-3822-4C28-9DFD-3F3B4F231FC1}.ReleaseClang|x64.ActiveCfg = ReleaseClang|x64
		{2ACEA402-3822-4C28-9DFD-3F3B4F231FC1}.ReleaseClang|x64.Build.0 = ReleaseClang|x64
		{2ACEA402-3822-4C28-9DFD-3F3B4F231FC1}.ReleaseClang|x86.ActiveCfg = ReleaseClang|Win32
		{2ACEA402-3822-4C28-9DFD-3F3B4F231FC1}.ReleaseClang|x86.Build.0 = ReleaseClang|Win32
		{2ACEA402-3822-4C28-9DFD-3F3B4F231FC1}.ReleaseMSBuild|x64.ActiveCfg = ReleaseMSBuild|x64
		{2ACEA402-3822-4C28-9DFD-3F3B4F231FC1}.ReleaseMSBuild|x64.Build.0 = ReleaseMSBuild|x64
		{2ACEA402-3822-4C28-9DFD-3F3B4F231FC1}.ReleaseMSBuild|x86.ActiveCfg = ReleaseMSBuild|Win32
		{2ACEA402-3822-4C28-9DFD-3F3B4F231FC1}.ReleaseMSBuild|x86.Build.0 = ReleaseMSBuild|Win32
		{DB6553A9-7FE9-45C9-8AB1-C11F3D2D376C}.DebugClang|x64.ActiveCfg = DebugClang|x64
		{DB6553A9-7FE9-45C9-8AB1-C11F3D2D376C}.DebugClang|x64.Build.0 = DebugClang|x64
		{DB6553A9-7FE9-45C9-8AB1-C11F3D2D376C}.DebugClang|x86.ActiveCfg = DebugClang|Win32
		{DB6553A9-7FE9-45C9-8AB1-C11F3D2D376C}.DebugClang|x86.Build.0 = DebugClang|Win32
		{DB6553A9-7FE9-45C9-8AB1-C11F3D2D376C}.DebugMSBuild|x64.ActiveCfg = DebugMSBuild|x64
		{DB6553A9-7FE9-45C9-8AB1-C11F3D2D376C}.DebugMSBuild|x64.Build.0 = DebugMSBuild|x64
		{DB6553A9-7FE9-45C9-8AB1-C11F3D2D376C}.DebugMSBuild|x86.ActiveCfg = DebugMSBuild|Win32
		{DB6553A9-7FE9-45C9-8AB1-C11F3D2D376C}.DebugMSBuild|x86.Build.0 = DebugMSBuild|Win32
		{DB6553A9-7FE9-45C9-8AB1-C11F3D2D376C}.ReleaseClang|x64.ActiveCfg = ReleaseClang|x64
		{DB6553A9-7FE9-45C9-8AB1-C11F3D2D376C}.ReleaseClang|x64.Build.0 = ReleaseClang|x64
		{DB6553A9-7FE9-45C9-8AB1-C11F3D2D376C}.ReleaseClang|x86.ActiveCfg = ReleaseClang|Win32
		{DB6553A9-7FE9-45C9-8AB1-C11F3D2D376C}.ReleaseClang|x86.Build.0 = ReleaseClang|Win32
		{DB6553A9-7FE9-45C9-8AB1-C11F3D2D376C}.ReleaseMSBuild|x64.ActiveCfg = ReleaseMSBuild|x64
		{DB6553A9-7FE9-45C9-8AB1-C11F3D2D376C}.ReleaseMSBuild|x64.Build.0 = ReleaseMSBuild|x64
		{DB6553A9-7FE9-45C9-8AB1-C11F3D2D376C}.ReleaseMSBuild|x86.ActiveCfg = ReleaseMSBuild|Win32
		{DB6553A9-7FE9-45C9-8AB1-C11F3D2D376C}.ReleaseMSBuild|x86.Build.0 = ReleaseMSBuild|Win32
		{F8249A57-FCC5-454C-B84B-B0B9C5EC88DA}.DebugClang|x64.ActiveCfg = DebugClang|x64
		{F8249A57-FCC5-454C-B84B-B0B9C5EC88DA}.DebugClang|x64.Build.0 = DebugClang|x64
		{F8249A57-FCC5-454C-B84B-B0B9C5EC88DA}.DebugClang|x86.ActiveCfg = DebugClang|Win32
		{F8249A57-FCC5-454C-B84B-B0B9C5EC88DA}.DebugClang|x86.Build.0 = DebugClang|Win32
		{F8249A57-FCC5-454C-B84B-B0B9C5EC88DA}.DebugMSBuild|x64.ActiveCfg = DebugMSBuild|x64
		{F8249A57-FCC5-454C-B84B-B0B9C5EC88DA}.DebugMSBuild|x64.Build.0 = DebugMSBuild|x64
		{F8249A57-FCC5-454C-B84B-B0B9C5EC88DA}.DebugMSBuild|x86.ActiveCfg = DebugMSBuild|Win32
		{F8249A57-FCC5-454C-B84B-B0B9C5EC88DA}.DebugMSBuild|x86.Build.0 = DebugMSBuild|Win32
		{F8249A57-FCC5-454C-B84B-B0B9C5EC88DA}.ReleaseClang|x64.ActiveCfg = ReleaseClang|x64
		{F8249A57-FCC5-454C-B84B-B0B9C5EC88DA}.ReleaseClang|x64.Build.0 = ReleaseClang|x64
		{F8249A57-FCC5-454C-B84B-B0B9C5EC88DA}.ReleaseClang|x86.ActiveCfg = ReleaseClang|Win32
		{F8249A57-FCC5-454C-B84B-B0B9C5EC88DA}.ReleaseClang|x86.Build.0 = ReleaseClang|Win32
		{F8249A57-FCC5-454C-B84B-B0B9C5EC88DA}.ReleaseMSBuild|x64.ActiveCfg = ReleaseMSBuild|x64
		{F8249A57-FCC5-454C-B84B-B0B9C5EC88DA}.ReleaseMSBuild|x64.Build.0 = ReleaseMSBuild|x64
		{F8249A57-FCC5-454C-B84B-B0B9C5EC88DA}.ReleaseMSBuild|x86.ActiveCfg = ReleaseMSBuild|Win32
		{F8249A57-FCC5-454C-B84B-B0B9C5EC88DA}.ReleaseMSBuild|x86.Build.0 = ReleaseMSBuild|Win32
		{870D7184-87A3-432E-BD82-B83A15CAC8E8}.DebugClang|x64.ActiveCfg = DebugClang|x64
		{870D7184-87A3-432E-BD82-B83A15CAC8E8}.DebugClang|x64.Build.0 = DebugClang|x64
		{870D7184-87A3-432E-BD82-B83A15CAC8E8}.DebugClang|x86.ActiveCfg = DebugClang|Win32
		{870D7184-87A3-432E-BD82-B83A15CAC8E8}.DebugClang|x86.Build.0 = DebugClang|Win32
		{870D7184-87A3-432E-BD82-B83A15CAC8E8}.DebugMSBuild|x64.ActiveCfg = DebugMSBuild|x64
		{870D7184-87A3-432E-BD82-B83A15CAC8E8}.DebugMSBuild|x64.Build.0 = DebugMSBuild|x64
		{870D7184-87A3-432E-BD82-B83A15CAC8E8}.DebugMSBuild|x86.ActiveCfg = DebugMSBuild|Win32
		{870D7184-87A3-432E-BD82-B83A15CAC8E8}.DebugMSBuild|x86.Build.0 = DebugMSBuild|Win32
		{870D7184-87A3-432E-BD82-B83A15CAC8E8}.ReleaseClang|x64.ActiveCfg = ReleaseClang|x64
		{870D7184-87A3-432E-BD82-B83A15CAC8E8}.ReleaseClang|x64.Build.0 = ReleaseClang|x64
		{870D7184-87A3-432E-BD82-B83A15CAC8E8}.ReleaseClang|x86.ActiveCfg = ReleaseClang|Win32
		{870D7184-87A3-432E-BD82-B83A15CAC8E8}.ReleaseClang|x86.Build.0 = ReleaseClang|Win32
		{870D7184-87A3-432E-BD82-B83A15CAC8E8}.ReleaseMSBuild|x64.ActiveCfg = ReleaseMSBuild|x64
		{870D7184-87A3-432E-BD82-B83A15CAC8E8}.ReleaseMSBuild|x64.Build.0 = ReleaseMSBuild|x64
		{870D7184-87A3-432E-BD82-B83A15CAC8E8}.ReleaseMSBuild|x86.ActiveCfg = ReleaseMSBuild|Win32
		{870D7184-87A3-432E-BD82-B83A15CAC8E8}.ReleaseMSBuild|x86.Build.0 = ReleaseMSBuild|Win32
	EndGlobalSection
	GlobalSection(SolutionProperties) = preSolution
		HideSolutionNode = FALSE
	EndGlobalSection
	GlobalSection(ExtensibilityGlobals) = postSolution
		SolutionGuid = {45130EBB-B81B-4D48-BC3D-167EC8356974}
	EndGlobalSection
EndGlobal
